{
  "version": 4,
  "terraform_version": "1.5.7",
  "serial": 22,
  "lineage": "b0f290cd-1c0f-a49e-281e-78f97ef01e54",
  "outputs": {
    "bucket_name": {
      "value": "genuine-ridge-476821-j2-marketing-tts",
      "type": "string"
    },
    "service_url": {
      "value": "https://marketing-tts-generator-n43mmblina-uc.a.run.app",
      "type": "string"
    }
  },
  "resources": [
    {
      "mode": "managed",
      "type": "google_artifact_registry_repository",
      "name": "repo",
      "provider": "provider[\"registry.terraform.io/hashicorp/google\"]",
      "instances": [
        {
          "schema_version": 0,
          "attributes": {
            "cleanup_policies": [],
            "cleanup_policy_dry_run": false,
            "create_time": "2026-02-04T23:43:39.543376Z",
            "description": "Docker repository for TTS Generator",
            "docker_config": [],
            "effective_labels": {},
            "format": "DOCKER",
            "id": "projects/genuine-ridge-476821-j2/locations/us-central1/repositories/marketing-tts-repo",
            "kms_key_name": "",
            "labels": {},
            "location": "us-central1",
            "maven_config": [],
            "mode": "STANDARD_REPOSITORY",
            "name": "marketing-tts-repo",
            "project": "genuine-ridge-476821-j2",
            "remote_repository_config": [],
            "repository_id": "marketing-tts-repo",
            "terraform_labels": {},
            "timeouts": null,
            "update_time": "2026-02-07T15:05:38.834564Z",
            "virtual_repository_config": []
          },
          "sensitive_attributes": [],
          "private": "eyJlMmJmYjczMC1lY2FhLTExZTYtOGY4OC0zNDM2M2JjN2M0YzAiOnsiY3JlYXRlIjoxMjAwMDAwMDAwMDAwLCJkZWxldGUiOjEyMDAwMDAwMDAwMDAsInVwZGF0ZSI6MTIwMDAwMDAwMDAwMH19",
          "dependencies": [
            "google_project_service.apis"
          ]
        }
      ]
    },
    {
      "mode": "managed",
      "type": "google_cloud_run_v2_service",
      "name": "default",
      "provider": "provider[\"registry.terraform.io/hashicorp/google\"]",
      "instances": [
        {
          "schema_version": 0,
          "attributes": {
            "annotations": {},
            "binary_authorization": [],
            "client": "",
            "client_version": "",
            "conditions": [
              {
                "execution_reason": "",
                "last_transition_time": "2026-02-07T15:06:02.125163Z",
                "message": "",
                "reason": "",
                "revision_reason": "",
                "severity": "",
                "state": "CONDITION_SUCCEEDED",
                "type": "RoutesReady"
              },
              {
                "execution_reason": "",
                "last_transition_time": "2026-02-07T15:06:00.858810Z",
                "message": "",
                "reason": "",
                "revision_reason": "",
                "severity": "",
                "state": "CONDITION_SUCCEEDED",
                "type": "ConfigurationsReady"
              }
            ],
            "create_time": "2026-02-07T15:05:42.557520Z",
            "creator": "admin@johnod.altostrat.com",
            "custom_audiences": [],
            "delete_time": "",
            "description": "",
            "effective_annotations": {},
            "effective_labels": {},
            "etag": "\"CMapncwGEICp7IkC/cHJvamVjdHMvZ2VudWluZS1yaWRnZS00NzY4MjEtajIvbG9jYXRpb25zL3VzLWNlbnRyYWwxL3NlcnZpY2VzL21hcmtldGluZy10dHMtZ2VuZXJhdG9y\"",
            "expire_time": "",
            "generation": "1",
            "id": "projects/genuine-ridge-476821-j2/locations/us-central1/services/marketing-tts-generator",
            "ingress": "INGRESS_TRAFFIC_ALL",
            "labels": {},
            "last_modifier": "admin@johnod.altostrat.com",
            "latest_created_revision": "projects/genuine-ridge-476821-j2/locations/us-central1/services/marketing-tts-generator/revisions/marketing-tts-generator-00001-pzn",
            "latest_ready_revision": "projects/genuine-ridge-476821-j2/locations/us-central1/services/marketing-tts-generator/revisions/marketing-tts-generator-00001-pzn",
            "launch_stage": "GA",
            "location": "us-central1",
            "name": "marketing-tts-generator",
            "observed_generation": "1",
            "project": "genuine-ridge-476821-j2",
            "reconciling": false,
            "template": [
              {
                "annotations": {},
                "containers": [
                  {
                    "args": [],
                    "command": [],
                    "depends_on": [],
                    "env": [
                      {
                        "name": "GOOGLE_CLOUD_PROJECT",
                        "value": "genuine-ridge-476821-j2",
                        "value_source": []
                      },
                      {
                        "name": "GOOGLE_CLOUD_REGION",
                        "value": "us-central1",
                        "value_source": []
                      }
                    ],
                    "image": "us-central1-docker.pkg.dev/genuine-ridge-476821-j2/marketing-tts-repo/marketing-tts-generator",
                    "liveness_probe": [],
                    "name": "",
                    "ports": [
                      {
                        "container_port": 8080,
                        "name": "http1"
                      }
                    ],
                    "resources": [
                      {
                        "cpu_idle": true,
                        "limits": {
                          "cpu": "1000m",
                          "memory": "512Mi"
                        },
                        "startup_cpu_boost": false
                      }
                    ],
                    "startup_probe": [
                      {
                        "failure_threshold": 1,
                        "grpc": [],
                        "http_get": [],
                        "initial_delay_seconds": 0,
                        "period_seconds": 240,
                        "tcp_socket": [
                          {
                            "port": 8080
                          }
                        ],
                        "timeout_seconds": 240
                      }
                    ],
                    "volume_mounts": [],
                    "working_dir": ""
                  }
                ],
                "encryption_key": "",
                "execution_environment": "",
                "labels": {},
                "max_instance_request_concurrency": 80,
                "revision": "",
                "scaling": [],
                "service_account": "tts-app-sa@genuine-ridge-476821-j2.iam.gserviceaccount.com",
                "session_affinity": false,
                "timeout": "300s",
                "volumes": [],
                "vpc_access": []
              }
            ],
            "terminal_condition": [
              {
                "execution_reason": "",
                "last_transition_time": "2026-02-07T15:06:02.183375Z",
                "message": "",
                "reason": "",
                "revision_reason": "",
                "severity": "",
                "state": "CONDITION_SUCCEEDED",
                "type": "Ready"
              }
            ],
            "terraform_labels": {},
            "timeouts": null,
            "traffic": [
              {
                "percent": 100,
                "revision": "",
                "tag": "",
                "type": "TRAFFIC_TARGET_ALLOCATION_TYPE_LATEST"
              }
            ],
            "traffic_statuses": [
              {
                "percent": 100,
                "revision": "",
                "tag": "",
                "type": "TRAFFIC_TARGET_ALLOCATION_TYPE_LATEST",
                "uri": ""
              }
            ],
            "uid": "c12b0db2-0669-47af-9ab8-ea00bf1b1964",
            "update_time": "2026-02-07T15:05:42.557520Z",
            "uri": "https://marketing-tts-generator-n43mmblina-uc.a.run.app"
          },
          "sensitive_attributes": [],
          "private": "eyJlMmJmYjczMC1lY2FhLTExZTYtOGY4OC0zNDM2M2JjN2M0YzAiOnsiY3JlYXRlIjoxMjAwMDAwMDAwMDAwLCJkZWxldGUiOjEyMDAwMDAwMDAwMDAsInVwZGF0ZSI6MTIwMDAwMDAwMDAwMH19",
          "dependencies": [
            "google_artifact_registry_repository.repo",
            "google_project_iam_member.sa_roles",
            "google_project_service.apis",
            "google_service_account.tts_sa",
            "null_resource.build_image"
          ]
        }
      ]
    },
    {
      "mode": "managed",
      "type": "google_project_iam_member",
      "name": "sa_roles",
      "provider": "provider[\"registry.terraform.io/hashicorp/google\"]",
      "instances": [
        {
          "index_key": "roles/aiplatform.user",
          "schema_version": 0,
          "attributes": {
            "condition": [],
            "etag": "BwZKPTbaNkU=",
            "id": "genuine-ridge-476821-j2/roles/aiplatform.user/serviceAccount:tts-app-sa@genuine-ridge-476821-j2.iam.gserviceaccount.com",
            "member": "serviceAccount:tts-app-sa@genuine-ridge-476821-j2.iam.gserviceaccount.com",
            "project": "genuine-ridge-476821-j2",
            "role": "roles/aiplatform.user"
          },
          "sensitive_attributes": [],
          "private": "bnVsbA==",
          "dependencies": [
            "google_service_account.tts_sa"
          ]
        },
        {
          "index_key": "roles/editor",
          "schema_version": 0,
          "attributes": {
            "condition": [],
            "etag": "BwZKPTbaNkU=",
            "id": "genuine-ridge-476821-j2/roles/editor/serviceAccount:tts-app-sa@genuine-ridge-476821-j2.iam.gserviceaccount.com",
            "member": "serviceAccount:tts-app-sa@genuine-ridge-476821-j2.iam.gserviceaccount.com",
            "project": "genuine-ridge-476821-j2",
            "role": "roles/editor"
          },
          "sensitive_attributes": [],
          "private": "bnVsbA==",
          "dependencies": [
            "google_service_account.tts_sa"
          ]
        },
        {
          "index_key": "roles/storage.admin",
          "schema_version": 0,
          "attributes": {
            "condition": [],
            "etag": "BwZKPTbaNkU=",
            "id": "genuine-ridge-476821-j2/roles/storage.admin/serviceAccount:tts-app-sa@genuine-ridge-476821-j2.iam.gserviceaccount.com",
            "member": "serviceAccount:tts-app-sa@genuine-ridge-476821-j2.iam.gserviceaccount.com",
            "project": "genuine-ridge-476821-j2",
            "role": "roles/storage.admin"
          },
          "sensitive_attributes": [],
          "private": "bnVsbA==",
          "dependencies": [
            "google_service_account.tts_sa"
          ]
        }
      ]
    },
    {
      "mode": "managed",
      "type": "google_project_service",
      "name": "apis",
      "provider": "provider[\"registry.terraform.io/hashicorp/google\"]",
      "instances": [
        {
          "index_key": "aiplatform.googleapis.com",
          "schema_version": 0,
          "attributes": {
            "disable_dependent_services": null,
            "disable_on_destroy": false,
            "id": "genuine-ridge-476821-j2/aiplatform.googleapis.com",
            "project": "genuine-ridge-476821-j2",
            "service": "aiplatform.googleapis.com",
            "timeouts": null
          },
          "sensitive_attributes": [],
          "private": "eyJlMmJmYjczMC1lY2FhLTExZTYtOGY4OC0zNDM2M2JjN2M0YzAiOnsiY3JlYXRlIjoxMjAwMDAwMDAwMDAwLCJkZWxldGUiOjEyMDAwMDAwMDAwMDAsInJlYWQiOjYwMDAwMDAwMDAwMCwidXBkYXRlIjoxMjAwMDAwMDAwMDAwfX0="
        },
        {
          "index_key": "artifactregistry.googleapis.com",
          "schema_version": 0,
          "attributes": {
            "disable_dependent_services": null,
            "disable_on_destroy": false,
            "id": "genuine-ridge-476821-j2/artifactregistry.googleapis.com",
            "project": "genuine-ridge-476821-j2",
            "service": "artifactregistry.googleapis.com",
            "timeouts": null
          },
          "sensitive_attributes": [],
          "private": "eyJlMmJmYjczMC1lY2FhLTExZTYtOGY4OC0zNDM2M2JjN2M0YzAiOnsiY3JlYXRlIjoxMjAwMDAwMDAwMDAwLCJkZWxldGUiOjEyMDAwMDAwMDAwMDAsInJlYWQiOjYwMDAwMDAwMDAwMCwidXBkYXRlIjoxMjAwMDAwMDAwMDAwfX0="
        },
        {
          "index_key": "cloudbuild.googleapis.com",
          "schema_version": 0,
          "attributes": {
            "disable_dependent_services": null,
            "disable_on_destroy": false,
            "id": "genuine-ridge-476821-j2/cloudbuild.googleapis.com",
            "project": "genuine-ridge-476821-j2",
            "service": "cloudbuild.googleapis.com",
            "timeouts": null
          },
          "sensitive_attributes": [],
          "private": "eyJlMmJmYjczMC1lY2FhLTExZTYtOGY4OC0zNDM2M2JjN2M0YzAiOnsiY3JlYXRlIjoxMjAwMDAwMDAwMDAwLCJkZWxldGUiOjEyMDAwMDAwMDAwMDAsInJlYWQiOjYwMDAwMDAwMDAwMCwidXBkYXRlIjoxMjAwMDAwMDAwMDAwfX0="
        },
        {
          "index_key": "run.googleapis.com",
          "schema_version": 0,
          "attributes": {
            "disable_dependent_services": null,
            "disable_on_destroy": false,
            "id": "genuine-ridge-476821-j2/run.googleapis.com",
            "project": "genuine-ridge-476821-j2",
            "service": "run.googleapis.com",
            "timeouts": null
          },
          "sensitive_attributes": [],
          "private": "eyJlMmJmYjczMC1lY2FhLTExZTYtOGY4OC0zNDM2M2JjN2M0YzAiOnsiY3JlYXRlIjoxMjAwMDAwMDAwMDAwLCJkZWxldGUiOjEyMDAwMDAwMDAwMDAsInJlYWQiOjYwMDAwMDAwMDAwMCwidXBkYXRlIjoxMjAwMDAwMDAwMDAwfX0="
        },
        {
          "index_key": "storage.googleapis.com",
          "schema_version": 0,
          "attributes": {
            "disable_dependent_services": null,
            "disable_on_destroy": false,
            "id": "genuine-ridge-476821-j2/storage.googleapis.com",
            "project": "genuine-ridge-476821-j2",
            "service": "storage.googleapis.com",
            "timeouts": null
          },
          "sensitive_attributes": [],
          "private": "eyJlMmJmYjczMC1lY2FhLTExZTYtOGY4OC0zNDM2M2JjN2M0YzAiOnsiY3JlYXRlIjoxMjAwMDAwMDAwMDAwLCJkZWxldGUiOjEyMDAwMDAwMDAwMDAsInJlYWQiOjYwMDAwMDAwMDAwMCwidXBkYXRlIjoxMjAwMDAwMDAwMDAwfX0="
        },
        {
          "index_key": "texttospeech.googleapis.com",
          "schema_version": 0,
          "attributes": {
            "disable_dependent_services": null,
            "disable_on_destroy": false,
            "id": "genuine-ridge-476821-j2/texttospeech.googleapis.com",
            "project": "genuine-ridge-476821-j2",
            "service": "texttospeech.googleapis.com",
            "timeouts": null
          },
          "sensitive_attributes": [],
          "private": "eyJlMmJmYjczMC1lY2FhLTExZTYtOGY4OC0zNDM2M2JjN2M0YzAiOnsiY3JlYXRlIjoxMjAwMDAwMDAwMDAwLCJkZWxldGUiOjEyMDAwMDAwMDAwMDAsInJlYWQiOjYwMDAwMDAwMDAwMCwidXBkYXRlIjoxMjAwMDAwMDAwMDAwfX0="
        }
      ]
    },
    {
      "mode": "managed",
      "type": "google_service_account",
      "name": "tts_sa",
      "provider": "provider[\"registry.terraform.io/hashicorp/google\"]",
      "instances": [
        {
          "schema_version": 0,
          "attributes": {
            "account_id": "tts-app-sa",
            "create_ignore_already_exists": null,
            "description": "",
            "disabled": false,
            "display_name": "TTS Application Service Account",
            "email": "tts-app-sa@genuine-ridge-476821-j2.iam.gserviceaccount.com",
            "id": "projects/genuine-ridge-476821-j2/serviceAccounts/tts-app-sa@genuine-ridge-476821-j2.iam.gserviceaccount.com",
            "member": "serviceAccount:tts-app-sa@genuine-ridge-476821-j2.iam.gserviceaccount.com",
            "name": "projects/genuine-ridge-476821-j2/serviceAccounts/tts-app-sa@genuine-ridge-476821-j2.iam.gserviceaccount.com",
            "project": "genuine-ridge-476821-j2",
            "timeouts": null,
            "unique_id": "115127113399400909474"
          },
          "sensitive_attributes": [],
          "private": "eyJlMmJmYjczMC1lY2FhLTExZTYtOGY4OC0zNDM2M2JjN2M0YzAiOnsiY3JlYXRlIjozMDAwMDAwMDAwMDB9fQ=="
        }
      ]
    },
    {
      "mode": "managed",
      "type": "google_storage_bucket",
      "name": "app_bucket",
      "provider": "provider[\"registry.terraform.io/hashicorp/google\"]",
      "instances": [
        {
          "schema_version": 2,
          "attributes": {
            "autoclass": [],
            "cors": [
              {
                "max_age_seconds": 3600,
                "method": [
                  "GET",
                  "HEAD",
                  "PUT",
                  "POST",
                  "DELETE"
                ],
                "origin": [
                  "*"
                ],
                "response_header": [
                  "*"
                ]
              }
            ],
            "custom_placement_config": [],
            "default_event_based_hold": false,
            "effective_labels": {},
            "enable_object_retention": false,
            "encryption": [],
            "force_destroy": false,
            "id": "genuine-ridge-476821-j2-marketing-tts",
            "labels": {},
            "lifecycle_rule": [],
            "location": "US-CENTRAL1",
            "logging": [],
            "name": "genuine-ridge-476821-j2-marketing-tts",
            "project": "genuine-ridge-476821-j2",
            "project_number": 638934583785,
            "public_access_prevention": "inherited",
            "requester_pays": false,
            "retention_policy": [],
            "rpo": null,
            "self_link": "https://www.googleapis.com/storage/v1/b/genuine-ridge-476821-j2-marketing-tts",
            "soft_delete_policy": [
              {
                "effective_time": "2026-02-05T00:14:15.232Z",
                "retention_duration_seconds": 604800
              }
            ],
            "storage_class": "STANDARD",
            "terraform_labels": {},
            "timeouts": null,
            "uniform_bucket_level_access": true,
            "url": "gs://genuine-ridge-476821-j2-marketing-tts",
            "versioning": [],
            "website": []
          },
          "sensitive_attributes": [],
          "private": "eyJlMmJmYjczMC1lY2FhLTExZTYtOGY4OC0zNDM2M2JjN2M0YzAiOnsiY3JlYXRlIjo2MDAwMDAwMDAwMDAsInJlYWQiOjI0MDAwMDAwMDAwMCwidXBkYXRlIjoyNDAwMDAwMDAwMDB9LCJzY2hlbWFfdmVyc2lvbiI6IjIifQ==",
          "dependencies": [
            "google_project_service.apis"
          ]
        }
      ]
    },
    {
      "mode": "managed",
      "type": "null_resource",
      "name": "build_image",
      "provider": "provider[\"registry.terraform.io/hashicorp/null\"]",
      "instances": [
        {
          "schema_version": 0,
          "attributes": {
            "id": "484647113480964183",
            "triggers": {
              "dir_sha1": "3930caeda40fc6c18f2156ca54bd28311ecb3523"
            }
          },
          "sensitive_attributes": [],
          "dependencies": [
            "google_artifact_registry_repository.repo",
            "google_project_service.apis"
          ]
        }
      ]
    }
  ],
  "check_results": null
}
